
Microsoft Visual Studio Solution File, Format Version 12.00
Project("{FAE04EC0-301F-11D3-BF4B-00C04F79EFBC}") = "MageNet", "MageNet\MageNet.csproj", "{EC28C48A-C94B-4064-A803-2E517E3426B8}"
EndProject
Global
	GlobalSection(SolutionConfigurationPlatforms) = preSolution
		Debug|Any CPU = Debug|Any CPU
		Release|Any CPU = Release|Any CPU
	EndGlobalSection
	GlobalSection(ProjectConfigurationPlatforms) = postSolution
		{EC28C48A-C94B-4064-A803-2E517E3426B8}.Debug|Any CPU.ActiveCfg = Debug|Any CPU
		{EC28C48A-C94B-4064-A803-2E517E3426B8}.Debug|Any CPU.Build.0 = Debug|Any CPU
		{EC28C48A-C94B-4064-A803-2E517E3426B8}.Release|Any CPU.ActiveCfg = Release|Any CPU
		{EC28C48A-C94B-4064-A803-2E517E3426B8}.Release|Any CPU.Build.0 = Release|Any CPU
	EndGlobalSection
EndGlobal
